// !$*UTF8*$!
{
	archiveVersion = 1;
	classes = {
	};
	objectVersion = 56;
	objects = {

/* Begin PBXBuildFile section */
		6C039DAA2CC1D27400B731D4 /* Color_MakerApp.swift in Sources */ = {isa = PBXBuildFile; fileRef = 6C039DA92CC1D27400B731D4 /* Color_MakerApp.swift */; };
		6C039DAC2CC1D27400B731D4 /* ColorMixerView.swift in Sources */ = {isa = PBXBuildFile; fileRef = 6C039DAB2CC1D27400B731D4 /* ColorMixerView.swift */; };
		6C039DAE2CC1D27900B731D4 /* Assets.xcassets in Resources */ = {isa = PBXBuildFile; fileRef = 6C039DAD2CC1D27900B731D4 /* Assets.xcassets */; };
		6C039DB12CC1D27900B731D4 /* Preview Assets.xcassets in Resources */ = {isa = PBXBuildFile; fileRef = 6C039DB02CC1D27900B731D4 /* Preview Assets.xcassets */; };
		6C039DBB2CC1D27A00B731D4 /* Color_MakerTests.swift in Sources */ = {isa = PBXBuildFile; fileRef = 6C039DBA2CC1D27A00B731D4 /* Color_MakerTests.swift */; };
		6C039DC52CC1D27A00B731D4 /* Color_MakerUITests.swift in Sources */ = {isa = PBXBuildFile; fileRef = 6C039DC42CC1D27A00B731D4 /* Color_MakerUITests.swift */; };
		6C039DC72CC1D27A00B731D4 /* Color_MakerUITestsLaunchTests.swift in Sources */ = {isa = PBXBuildFile; fileRef = 6C039DC62CC1D27A00B731D4 /* Color_MakerUITestsLaunchTests.swift */; };
/* End PBXBuildFile section */

/* Begin PBXContainerItemProxy section */
		6C039DB72CC1D27A00B731D4 /* PBXContainerItemProxy */ = {
			isa = PBXContainerItemProxy;
			containerPortal = 6C039D9E2CC1D27400B731D4 /* Project object */;
			proxyType = 1;
			remoteGlobalIDString = 6C039DA52CC1D27400B731D4;
			remoteInfo = "Color Maker";
		};
		6C039DC12CC1D27A00B731D4 /* PBXContainerItemProxy */ = {
			isa = PBXContainerItemProxy;
			containerPortal = 6C039D9E2CC1D27400B731D4 /* Project object */;
			proxyType = 1;
			remoteGlobalIDString = 6C039DA52CC1D27400B731D4;
			remoteInfo = "Color Maker";
		};
/* End PBXContainerItemProxy section */

/* Begin PBXFileReference section */
		6C039DA62CC1D27400B731D4 /* Color Maker.app */ = {isa = PBXFileReference; explicitFileType = wrapper.application; includeInIndex = 0; path = "Color Maker.app"; sourceTree = BUILT_PRODUCTS_DIR; };
		6C039DA92CC1D27400B731D4 /* Color_MakerApp.swift */ = {isa = PBXFileReference; lastKnownFileType = sourcecode.swift; path = Color_MakerApp.swift; sourceTree = "<group>"; };
		6C039DAB2CC1D27400B731D4 /* ColorMixerView.swift */ = {isa = PBXFileReference; lastKnownFileType = sourcecode.swift; path = ColorMixerView.swift; sourceTree = "<group>"; };
		6C039DAD2CC1D27900B731D4 /* Assets.xcassets */ = {isa = PBXFileReference; lastKnownFileType = folder.assetcatalog; path = Assets.xcassets; sourceTree = "<group>"; };
		6C039DB02CC1D27900B731D4 /* Preview Assets.xcassets */ = {isa = PBXFileReference; lastKnownFileType = folder.assetcatalog; path = "Preview Assets.xcassets"; sourceTree = "<group>"; };
		6C039DB62CC1D27A00B731D4 /* Color MakerTests.xctest */ = {isa = PBXFileReference; explicitFileType = wrapper.cfbundle; includeInIndex = 0; path = "Color MakerTests.xctest"; sourceTree = BUILT_PRODUCTS_DIR; };
		6C039DBA2CC1D27A00B731D4 /* Color_MakerTests.swift */ = {isa = PBXFileReference; lastKnownFileType = sourcecode.swift; path = Color_MakerTests.swift; sourceTree = "<group>"; };
		6C039DC02CC1D27A00B731D4 /* Color MakerUITests.xctest */ = {isa = PBXFileReference; explicitFileType = wrapper.cfbundle; includeInIndex = 0; path = "Color MakerUITests.xctest"; sourceTree = BUILT_PRODUCTS_DIR; };
		6C039DC42CC1D27A00B731D4 /* Color_MakerUITests.swift */ = {isa = PBXFileReference; lastKnownFileType = sourcecode.swift; path = Color_MakerUITests.swift; sourceTree = "<group>"; };
		6C039DC62CC1D27A00B731D4 /* Color_MakerUITestsLaunchTests.swift */ = {isa = PBXFileReference; lastKnownFileType = sourcecode.swift; path = Color_MakerUITestsLaunchTests.swift; sourceTree = "<group>"; };
/* End PBXFileReference section */

/* Begin PBXFrameworksBuildPhase section */
		6C039DA32CC1D27400B731D4 /* Frameworks */ = {
			isa = PBXFrameworksBuildPhase;
			buildActionMask = 2147483647;
			files = (
			);
			runOnlyForDeploymentPostprocessing = 0;
		};
		6C039DB32CC1D27A00B731D4 /* Frameworks */ = {
			isa = PBXFrameworksBuildPhase;
			buildActionMask = 2147483647;
			files = (
			);
			runOnlyForDeploymentPostprocessing = 0;
		};
		6C039DBD2CC1D27A00B731D4 /* Frameworks */ = {
			isa = PBXFrameworksBuildPhase;
			buildActionMask = 2147483647;
			files = (
			);
			runOnlyForDeploymentPostprocessing = 0;
		};
/* End PBXFrameworksBuildPhase section */

/* Begin PBXGroup section */
		6C039D9D2CC1D27400B731D4 = {
			isa = PBXGroup;
			children = (
				6C039DA82CC1D27400B731D4 /* Color Maker */,
				6C039DB92CC1D27A00B731D4 /* Color MakerTests */,
				6C039DC32CC1D27A00B731D4 /* Color MakerUITests */,
				6C039DA72CC1D27400B731D4 /* Products */,
			);
			sourceTree = "<group>";
		};
		6C039DA72CC1D27400B731D4 /* Products */ = {
			isa = PBXGroup;
			children = (
				6C039DA62CC1D27400B731D4 /* Color Maker.app */,
				6C039DB62CC1D27A00B731D4 /* Color MakerTests.xctest */,
				6C039DC02CC1D27A00B731D4 /* Color MakerUITests.xctest */,
			);
			name = Products;
			sourceTree = "<group>";
		};
		6C039DA82CC1D27400B731D4 /* Color Maker */ = {
			isa = PBXGroup;
			children = (
				6C039DA92CC1D27400B731D4 /* Color_MakerApp.swift */,
				6C039DAB2CC1D27400B731D4 /* ColorMixerView.swift */,
				6C039DAD2CC1D27900B731D4 /* Assets.xcassets */,
				6C039DAF2CC1D27900B731D4 /* Preview Content */,
			);
			path = "Color Maker";
			sourceTree = "<group>";
		};
		6C039DAF2CC1D27900B731D4 /* Preview Content */ = {
			isa = PBXGroup;
			children = (
				6C039DB02CC1D27900B731D4 /* Preview Assets.xcassets */,
			);
			path = "Preview Content";
			sourceTree = "<group>";
		};
		6C039DB92CC1D27A00B731D4 /* Color MakerTests */ = {
			isa = PBXGroup;
			children = (
				6C039DBA2CC1D27A00B731D4 /* Color_MakerTests.swift */,
			);
			path = "Color MakerTests";
			sourceTree = "<group>";
		};
		6C039DC32CC1D27A00B731D4 /* Color MakerUITests */ = {
			isa = PBXGroup;
			children = (
				6C039DC42CC1D27A00B731D4 /* Color_MakerUITests.swift */,
				6C039DC62CC1D27A00B731D4 /* Color_MakerUITestsLaunchTests.swift */,
			);
			path = "Color MakerUITests";
			sourceTree = "<group>";
		};
/* End PBXGroup section */

/* Begin PBXNativeTarget section */
		6C039DA52CC1D27400B731D4 /* Color Maker */ = {
			isa = PBXNativeTarget;
			buildConfigurationList = 6C039DCA2CC1D27A00B731D4 /* Build configuration list for PBXNativeTarget "Color Maker" */;
			buildPhases = (
				6C039DA22CC1D27400B731D4 /* Sources */,
				6C039DA32CC1D27400B731D4 /* Frameworks */,
				6C039DA42CC1D27400B731D4 /* Resources */,
			);
			buildRules = (
			);
			dependencies = (
			);
			name = "Color Maker";
			productName = "Color Maker";
			productReference = 6C039DA62CC1D27400B731D4 /* Color Maker.app */;
			productType = "com.apple.product-type.application";
		};
		6C039DB52CC1D27A00B731D4 /* Color MakerTests */ = {
			isa = PBXNativeTarget;
			buildConfigurationList = 6C039DCD2CC1D27A00B731D4 /* Build configuration list for PBXNativeTarget "Color MakerTests" */;
			buildPhases = (
				6C039DB22CC1D27A00B731D4 /* Sources */,
				6C039DB32CC1D27A00B731D4 /* Frameworks */,
				6C039DB42CC1D27A00B731D4 /* Resources */,
			);
			buildRules = (
			);
			dependencies = (
				6C039DB82CC1D27A00B731D4 /* PBXTargetDependency */,
			);
			name = "Color MakerTests";
			productName = "Color MakerTests";
			productReference = 6C039DB62CC1D27A00B731D4 /* Color MakerTests.xctest */;
			productType = "com.apple.product-type.bundle.unit-test";
		};
		6C039DBF2CC1D27A00B731D4 /* Color MakerUITests */ = {
			isa = PBXNativeTarget;
			buildConfigurationList = 6C039DD02CC1D27A00B731D4 /* Build configuration list for PBXNativeTarget "Color MakerUITests" */;
			buildPhases = (
				6C039DBC2CC1D27A00B731D4 /* Sources */,
				6C039DBD2CC1D27A00B731D4 /* Frameworks */,
				6C039DBE2CC1D27A00B731D4 /* Resources */,
			);
			buildRules = (
			);
			dependencies = (
				6C039DC22CC1D27A00B731D4 /* PBXTargetDependency */,
			);
			name = "Color MakerUITests";
			productName = "Color MakerUITests";
			productReference = 6C039DC02CC1D27A00B731D4 /* Color MakerUITests.xctest */;
			productType = "com.apple.product-type.bundle.ui-testing";
		};
/* End PBXNativeTarget section */

/* Begin PBXProject section */
		6C039D9E2CC1D27400B731D4 /* Project object */ = {
			isa = PBXProject;
			attributes = {
				BuildIndependentTargetsInParallel = 1;
				LastSwiftUpdateCheck = 1540;
				LastUpgradeCheck = 1540;
				TargetAttributes = {
					6C039DA52CC1D27400B731D4 = {
						CreatedOnToolsVersion = 15.4;
					};
					6C039DB52CC1D27A00B731D4 = {
						CreatedOnToolsVersion = 15.4;
						TestTargetID = 6C039DA52CC1D27400B731D4;
					};
					6C039DBF2CC1D27A00B731D4 = {
						CreatedOnToolsVersion = 15.4;
						TestTargetID = 6C039DA52CC1D27400B731D4;
					};
				};
			};
			buildConfigurationList = 6C039DA12CC1D27400B731D4 /* Build configuration list for PBXProject "Color Maker" */;
			compatibilityVersion = "Xcode 14.0";
			developmentRegion = en;
			hasScannedForEncodings = 0;
			knownRegions = (
				en,
				Base,
			);
			mainGroup = 6C039D9D2CC1D27400B731D4;
			productRefGroup = 6C039DA72CC1D27400B731D4 /* Products */;
			projectDirPath = "";
			projectRoot = "";
			targets = (
				6C039DA52CC1D27400B731D4 /* Color Maker */,
				6C039DB52CC1D27A00B731D4 /* Color MakerTests */,
				6C039DBF2CC1D27A00B731D4 /* Color MakerUITests */,
			);
		};
/* End PBXProject section */

/* Begin PBXResourcesBuildPhase section */
		6C039DA42CC1D27400B731D4 /* Resources */ = {
			isa = PBXResourcesBuildPhase;
			buildActionMask = 2147483647;
			files = (
				6C039DB12CC1D27900B731D4 /* Preview Assets.xcassets in Resources */,
				6C039DAE2CC1D27900B731D4 /* Assets.xcassets in Resources */,
			);
			runOnlyForDeploymentPostprocessing = 0;
		};
		6C039DB42CC1D27A00B731D4 /* Resources */ = {
			isa = PBXResourcesBuildPhase;
			buildActionMask = 2147483647;
			files = (
			);
			runOnlyForDeploymentPostprocessing = 0;
		};
		6C039DBE2CC1D27A00B731D4 /* Resources */ = {
			isa = PBXResourcesBuildPhase;
			buildActionMask = 2147483647;
			files = (
			);
			runOnlyForDeploymentPostprocessing = 0;
		};
/* End PBXResourcesBuildPhase section */

/* Begin PBXSourcesBuildPhase section */
		6C039DA22CC1D27400B731D4 /* Sources */ = {
			isa = PBXSourcesBuildPhase;
			buildActionMask = 2147483647;
			files = (
				6C039DAC2CC1D27400B731D4 /* ColorMixerView.swift in Sources */,
				6C039DAA2CC1D27400B731D4 /* Color_MakerApp.swift in Sources */,
			);
			runOnlyForDeploymentPostprocessing = 0;
		};
		6C039DB22CC1D27A00B731D4 /* Sources */ = {
			isa = PBXSourcesBuildPhase;
			buildActionMask = 2147483647;
			files = (
				6C039DBB2CC1D27A00B731D4 /* Color_MakerTests.swift in Sources */,
			);
			runOnlyForDeploymentPostprocessing = 0;
		};
		6C039DBC2CC1D27A00B731D4 /* Sources */ = {
			isa = PBXSourcesBuildPhase;
			buildActionMask = 2147483647;
			files = (
				6C039DC52CC1D27A00B731D4 /* Color_MakerUITests.swift in Sources */,
				6C039DC72CC1D27A00B731D4 /* Color_MakerUITestsLaunchTests.swift in Sources */,
			);
			runOnlyForDeploymentPostprocessing = 0;
		};
/* End PBXSourcesBuildPhase section */

/* Begin PBXTargetDependency section */
		6C039DB82CC1D27A00B731D4 /* PBXTargetDependency */ = {
			isa = PBXTargetDependency;
			target = 6C039DA52CC1D27400B731D4 /* Color Maker */;
			targetProxy = 6C039DB72CC1D27A00B731D4 /* PBXContainerItemProxy */;
		};
		6C039DC22CC1D27A00B731D4 /* PBXTargetDependency */ = {
			isa = PBXTargetDependency;
			target = 6C039DA52CC1D27400B731D4 /* Color Maker */;
			targetProxy = 6C039DC12CC1D27A00B731D4 /* PBXContainerItemProxy */;
		};
/* End PBXTargetDependency section */

/* Begin XCBuildConfiguration section */
		6C039DC82CC1D27A00B731D4 /* Debug */ = {
			isa = XCBuildConfiguration;
			buildSettings = {
				ALWAYS_SEARCH_USER_PATHS = NO;
				ASSETCATALOG_COMPILER_GENERATE_SWIFT_ASSET_SYMBOL_EXTENSIONS = YES;
				CLANG_ANALYZER_NONNULL = YES;
				CLANG_ANALYZER_NUMBER_OBJECT_CONVERSION = YES_AGGRESSIVE;
				CLANG_CXX_LANGUAGE_STANDARD = "gnu++20";
				CLANG_ENABLE_MODULES = YES;
				CLANG_ENABLE_OBJC_ARC = YES;
				CLANG_ENABLE_OBJC_WEAK = YES;
				CLANG_WARN_BLOCK_CAPTURE_AUTORELEASING = YES;
				CLANG_WARN_BOOL_CONVERSION = YES;
				CLANG_WARN_COMMA = YES;
				CLANG_WARN_CONSTANT_CONVERSION = YES;
				CLANG_WARN_DEPRECATED_OBJC_IMPLEMENTATIONS = YES;
				CLANG_WARN_DIRECT_OBJC_ISA_USAGE = YES_ERROR;
				CLANG_WARN_DOCUMENTATION_COMMENTS = YES;
				CLANG_WARN_EMPTY_BODY = YES;
				CLANG_WARN_ENUM_CONVERSION = YES;
				CLANG_WARN_INFINITE_RECURSION = YES;
				CLANG_WARN_INT_CONVERSION = YES;
				CLANG_WARN_NON_LITERAL_NULL_CONVERSION = YES;
				CLANG_WARN_OBJC_IMPLICIT_RETAIN_SELF = YES;
				CLANG_WARN_OBJC_LITERAL_CONVERSION = YES;
				CLANG_WARN_OBJC_ROOT_CLASS = YES_ERROR;
				CLANG_WARN_QUOTED_INCLUDE_IN_FRAMEWORK_HEADER = YES;
				CLANG_WARN_RANGE_LOOP_ANALYSIS = YES;
				CLANG_WARN_STRICT_PROTOTYPES = YES;
				CLANG_WARN_SUSPICIOUS_MOVE = YES;
				CLANG_WARN_UNGUARDED_AVAILABILITY = YES_AGGRESSIVE;
				CLANG_WARN_UNREACHABLE_CODE = YES;
				CLANG_WARN__DUPLICATE_METHOD_MATCH = YES;
				COPY_PHASE_STRIP = NO;
				DEBUG_INFORMATION_FORMAT = dwarf;
				ENABLE_STRICT_OBJC_MSGSEND = YES;
				ENABLE_TESTABILITY = YES;
				ENABLE_USER_SCRIPT_SANDBOXING = YES;
				GCC_C_LANGUAGE_STANDARD = gnu17;
				GCC_DYNAMIC_NO_PIC = NO;
				GCC_NO_COMMON_BLOCKS = YES;
				GCC_OPTIMIZATION_LEVEL = 0;
				GCC_PREPROCESSOR_DEFINITIONS = (
					"DEBUG=1",
					"$(inherited)",
				);
				GCC_WARN_64_TO_32_BIT_CONVERSION = YES;
				GCC_WARN_ABOUT_RETURN_TYPE = YES_ERROR;
				GCC_WARN_UNDECLARED_SELECTOR = YES;
				GCC_WARN_UNINITIALIZED_AUTOS = YES_AGGRESSIVE;
				GCC_WARN_UNUSED_FUNCTION = YES;
				GCC_WARN_UNUSED_VARIABLE = YES;
				IPHONEOS_DEPLOYMENT_TARGET = 17.5;
				LOCALIZATION_PREFERS_STRING_CATALOGS = YES;
				MTL_ENABLE_DEBUG_INFO = INCLUDE_SOURCE;
				MTL_FAST_MATH = YES;
				ONLY_ACTIVE_ARCH = YES;
				SDKROOT = iphoneos;
				SWIFT_ACTIVE_COMPILATION_CONDITIONS = "DEBUG $(inherited)";
				SWIFT_OPTIMIZATION_LEVEL = "-Onone";
			};
			name = Debug;
		};
		6C039DC92CC1D27A00B731D4 /* Release */ = {
			isa = XCBuildConfiguration;
			buildSettings = {
				ALWAYS_SEARCH_USER_PATHS = NO;
				ASSETCATALOG_COMPILER_GENERATE_SWIFT_ASSET_SYMBOL_EXTENSIONS = YES;
				CLANG_ANALYZER_NONNULL = YES;
				CLANG_ANALYZER_NUMBER_OBJECT_CONVERSION = YES_AGGRESSIVE;
				CLANG_CXX_LANGUAGE_STANDARD = "gnu++20";
				CLANG_ENABLE_MODULES = YES;
				CLANG_ENABLE_OBJC_ARC = YES;
				CLANG_ENABLE_OBJC_WEAK = YES;
				CLANG_WARN_BLOCK_CAPTURE_AUTORELEASING = YES;
				CLANG_WARN_BOOL_CONVERSION = YES;
				CLANG_WARN_COMMA = YES;
				CLANG_WARN_CONSTANT_CONVERSION = YES;
				CLANG_WARN_DEPRECATED_OBJC_IMPLEMENTATIONS = YES;
				CLANG_WARN_DIRECT_OBJC_ISA_USAGE = YES_ERROR;
				CLANG_WARN_DOCUMENTATION_COMMENTS = YES;
				CLANG_WARN_EMPTY_BODY = YES;
				CLANG_WARN_ENUM_CONVERSION = YES;
				CLANG_WARN_INFINITE_RECURSION = YES;
				CLANG_WARN_INT_CONVERSION = YES;
				CLANG_WARN_NON_LITERAL_NULL_CONVERSION = YES;
				CLANG_WARN_OBJC_IMPLICIT_RETAIN_SELF = YES;
				CLANG_WARN_OBJC_LITERAL_CONVERSION = YES;
				CLANG_WARN_OBJC_ROOT_CLASS = YES_ERROR;
				CLANG_WARN_QUOTED_INCLUDE_IN_FRAMEWORK_HEADER = YES;
				CLANG_WARN_RANGE_LOOP_ANALYSIS = YES;
				CLANG_WARN_STRICT_PROTOTYPES = YES;
				CLANG_WARN_SUSPICIOUS_MOVE = YES;
				CLANG_WARN_UNGUARDED_AVAILABILITY = YES_AGGRESSIVE;
				CLANG_WARN_UNREACHABLE_CODE = YES;
				CLANG_WARN__DUPLICATE_METHOD_MATCH = YES;
				COPY_PHASE_STRIP = NO;
				DEBUG_INFORMATION_FORMAT = "dwarf-with-dsym";
				ENABLE_NS_ASSERTIONS = NO;
				ENABLE_STRICT_OBJC_MSGSEND = YES;
				ENABLE_USER_SCRIPT_SANDBOXING = YES;
				GCC_C_LANGUAGE_STANDARD = gnu17;
				GCC_NO_COMMON_BLOCKS = YES;
				GCC_WARN_64_TO_32_BIT_CONVERSION = YES;
				GCC_WARN_ABOUT_RETURN_TYPE = YES_ERROR;
				GCC_WARN_UNDECLARED_SELECTOR = YES;
				GCC_WARN_UNINITIALIZED_AUTOS = YES_AGGRESSIVE;
				GCC_WARN_UNUSED_FUNCTION = YES;
				GCC_WARN_UNUSED_VARIABLE = YES;
				IPHONEOS_DEPLOYMENT_TARGET = 17.5;
				LOCALIZATION_PREFERS_STRING_CATALOGS = YES;
				MTL_ENABLE_DEBUG_INFO = NO;
				MTL_FAST_MATH = YES;
				SDKROOT = iphoneos;
				SWIFT_COMPILATION_MODE = wholemodule;
				VALIDATE_PRODUCT = YES;
			};
			name = Release;
		};
		6C039DCB2CC1D27A00B731D4 /* Debug */ = {
			isa = XCBuildConfiguration;
			buildSettings = {
				ASSETCATALOG_COMPILER_APPICON_NAME = AppIcon;
				ASSETCATALOG_COMPILER_GLOBAL_ACCENT_COLOR_NAME = AccentColor;
				CODE_SIGN_STYLE = Automatic;
				CURRENT_PROJECT_VERSION = 1;
				DEVELOPMENT_ASSET_PATHS = "\"Color Maker/Preview Content\"";
				ENABLE_PREVIEWS = YES;
				GENERATE_INFOPLIST_FILE = YES;
				INFOPLIST_KEY_UIApplicationSceneManifest_Generation = YES;
				INFOPLIST_KEY_UIApplicationSupportsIndirectInputEvents = YES;
				INFOPLIST_KEY_UILaunchScreen_Generation = YES;
				INFOPLIST_KEY_UISupportedInterfaceOrientations_iPad = "UIInterfaceOrientationPortrait UIInterfaceOrientationPortraitUpsideDown UIInterfaceOrientationLandscapeLeft UIInterfaceOrientationLandscapeRight";
				INFOPLIST_KEY_UISupportedInterfaceOrientations_iPhone = "UIInterfaceOrientationPortrait UIInterfaceOrientationLandscapeLeft UIInterfaceOrientationLandscapeRight";
				LD_RUNPATH_SEARCH_PATHS = (
					"$(inherited)",
					"@executable_path/Frameworks",
				);
				MARKETING_VERSION = 1.0;
				PRODUCT_BUNDLE_IDENTIFIER = "CPSC-411.Color-Maker";
				PRODUCT_NAME = "$(TARGET_NAME)";
				SWIFT_EMIT_LOC_STRINGS = YES;
				SWIFT_VERSION = 5.0;
				TARGETED_DEVICE_FAMILY = "1,2";
			};
			name = Debug;
		};
		6C039DCC2CC1D27A00B731D4 /* Release */ = {
			isa = XCBuildConfiguration;
			buildSettings = {
				ASSETCATALOG_COMPILER_APPICON_NAME = AppIcon;
				ASSETCATALOG_COMPILER_GLOBAL_ACCENT_COLOR_NAME = AccentColor;
				CODE_SIGN_STYLE = Automatic;
				CURRENT_PROJECT_VERSION = 1;
				DEVELOPMENT_ASSET_PATHS = "\"Color Maker/Preview Content\"";
				ENABLE_PREVIEWS = YES;
				GENERATE_INFOPLIST_FILE = YES;
				INFOPLIST_KEY_UIApplicationSceneManifest_Generation = YES;
				INFOPLIST_KEY_UIApplicationSupportsIndirectInputEvents = YES;
				INFOPLIST_KEY_UILaunchScreen_Generation = YES;
				INFOPLIST_KEY_UISupportedInterfaceOrientations_iPad = "UIInterfaceOrientationPortrait UIInterfaceOrientationPortraitUpsideDown UIInterfaceOrientationLandscapeLeft UIInterfaceOrientationLandscapeRight";
				INFOPLIST_KEY_UISupportedInterfaceOrientations_iPhone = "UIInterfaceOrientationPortrait UIInterfaceOrientationLandscapeLeft UIInterfaceOrientationLandscapeRight";
				LD_RUNPATH_SEARCH_PATHS = (
					"$(inherited)",
					"@executable_path/Frameworks",
				);
				MARKETING_VERSION = 1.0;
				PRODUCT_BUNDLE_IDENTIFIER = "CPSC-411.Color-Maker";
				PRODUCT_NAME = "$(TARGET_NAME)";
				SWIFT_EMIT_LOC_STRINGS = YES;
				SWIFT_VERSION = 5.0;
				TARGETED_DEVICE_FAMILY = "1,2";
			};
			name = Release;
		};
		6C039DCE2CC1D27A00B731D4 /* Debug */ = {
			isa = XCBuildConfiguration;
			buildSettings = {
				ALWAYS_EMBED_SWIFT_STANDARD_LIBRARIES = YES;
				BUNDLE_LOADER = "$(TEST_HOST)";
				CODE_SIGN_STYLE = Automatic;
				CURRENT_PROJECT_VERSION = 1;
				GENERATE_INFOPLIST_FILE = YES;
				IPHONEOS_DEPLOYMENT_TARGET = 17.5;
				MARKETING_VERSION = 1.0;
				PRODUCT_BUNDLE_IDENTIFIER = "CPSC-411.Color-MakerTests";
				PRODUCT_NAME = "$(TARGET_NAME)";
				SWIFT_EMIT_LOC_STRINGS = NO;
				SWIFT_VERSION = 5.0;
				TARGETED_DEVICE_FAMILY = "1,2";
				TEST_HOST = "$(BUILT_PRODUCTS_DIR)/Color Maker.app/$(BUNDLE_EXECUTABLE_FOLDER_PATH)/Color Maker";
			};
			name = Debug;
		};
		6C039DCF2CC1D27A00B731D4 /* Release */ = {
			isa = XCBuildConfiguration;
			buildSettings = {
				ALWAYS_EMBED_SWIFT_STANDARD_LIBRARIES = YES;
				BUNDLE_LOADER = "$(TEST_HOST)";
				CODE_SIGN_STYLE = Automatic;
				CURRENT_PROJECT_VERSION = 1;
				GENERATE_INFOPLIST_FILE = YES;
				IPHONEOS_DEPLOYMENT_TARGET = 17.5;
				MARKETING_VERSION = 1.0;
				PRODUCT_BUNDLE_IDENTIFIER = "CPSC-411.Color-MakerTests";
				PRODUCT_NAME = "$(TARGET_NAME)";
				SWIFT_EMIT_LOC_STRINGS = NO;
				SWIFT_VERSION = 5.0;
				TARGETED_DEVICE_FAMILY = "1,2";
				TEST_HOST = "$(BUILT_PRODUCTS_DIR)/Color Maker.app/$(BUNDLE_EXECUTABLE_FOLDER_PATH)/Color Maker";
			};
			name = Release;
		};
		6C039DD12CC1D27A00B731D4 /* Debug */ = {
			isa = XCBuildConfiguration;
			buildSettings = {
				ALWAYS_EMBED_SWIFT_STANDARD_LIBRARIES = YES;
				CODE_SIGN_STYLE = Automatic;
				CURRENT_PROJECT_VERSION = 1;
				GENERATE_INFOPLIST_FILE = YES;
				MARKETING_VERSION = 1.0;
				PRODUCT_BUNDLE_IDENTIFIER = "CPSC-411.Color-MakerUITests";
				PRODUCT_NAME = "$(TARGET_NAME)";
				SWIFT_EMIT_LOC_STRINGS = NO;
				SWIFT_VERSION = 5.0;
				TARGETED_DEVICE_FAMILY = "1,2";
				TEST_TARGET_NAME = "Color Maker";
			};
			name = Debug;
		};
		6C039DD22CC1D27A00B731D4 /* Release */ = {
			isa = XCBuildConfiguration;
			buildSettings = {
				ALWAYS_EMBED_SWIFT_STANDARD_LIBRARIES = YES;
				CODE_SIGN_STYLE = Automatic;
				CURRENT_PROJECT_VERSION = 1;
				GENERATE_INFOPLIST_FILE = YES;
				MARKETING_VERSION = 1.0;
				PRODUCT_BUNDLE_IDENTIFIER = "CPSC-411.Color-MakerUITests";
				PRODUCT_NAME = "$(TARGET_NAME)";
				SWIFT_EMIT_LOC_STRINGS = NO;
				SWIFT_VERSION = 5.0;
				TARGETED_DEVICE_FAMILY = "1,2";
				TEST_TARGET_NAME = "Color Maker";
			};
			name = Release;
		};
/* End XCBuildConfiguration section */

/* Begin XCConfigurationList section */
		6C039DA12CC1D27400B731D4 /* Build configuration list for PBXProject "Color Maker" */ = {
			isa = XCConfigurationList;
			buildConfigurations = (
				6C039DC82CC1D27A00B731D4 /* Debug */,
				6C039DC92CC1D27A00B731D4 /* Release */,
			);
			defaultConfigurationIsVisible = 0;
			defaultConfigurationName = Release;
		};
		6C039DCA2CC1D27A00B731D4 /* Build configuration list for PBXNativeTarget "Color Maker" */ = {
			isa = XCConfigurationList;
			buildConfigurations = (
				6C039DCB2CC1D27A00B731D4 /* Debug */,
				6C039DCC2CC1D27A00B731D4 /* Release */,
			);
			defaultConfigurationIsVisible = 0;
			defaultConfigurationName = Release;
		};
		6C039DCD2CC1D27A00B731D4 /* Build configuration list for PBXNativeTarget "Color MakerTests" */ = {
			isa = XCConfigurationList;
			buildConfigurations = (
				6C039DCE2CC1D27A00B731D4 /* Debug */,
				6C039DCF2CC1D27A00B731D4 /* Release */,
			);
			defaultConfigurationIsVisible = 0;
			defaultConfigurationName = Release;
		};
		6C039DD02CC1D27A00B731D4 /* Build configuration list for PBXNativeTarget "Color MakerUITests" */ = {
			isa = XCConfigurationList;
			buildConfigurations = (
				6C039DD12CC1D27A00B731D4 /* Debug */,
				6C039DD22CC1D27A00B731D4 /* Release */,
			);
			defaultConfigurationIsVisible = 0;
			defaultConfigurationName = Release;
		};
/* End XCConfigurationList section */
	};
	rootObject = 6C039D9E2CC1D27400B731D4 /* Project object */;
}
